
Microsoft Visual Studio Solution File, Format Version 12.00
# Visual Studio Version 17
VisualStudioVersion = 17.9.34607.119
MinimumVisualStudioVersion = 10.0.40219.1
Project("{FAE04EC0-301F-11D3-BF4B-00C04F79EFBC}") = "MyScriptureJournal", "MyScriptureJournal\MyScriptureJournal.csproj", "{C62D38A7-1C20-4826-A9CC-380F3B9AA8B6}"
EndProject
Global
	GlobalSection(SolutionConfigurationPlatforms) = preSolution
		Debug|Any CPU = Debug|Any CPU
		Release|Any CPU = Release|Any CPU
	EndGlobalSection
	GlobalSection(ProjectConfigurationPlatforms) = postSolution
		{C62D38A7-1C20-4826-A9CC-380F3B9AA8B6}.Debug|Any CPU.ActiveCfg = Debug|Any CPU
		{C62D38A7-1C20-4826-A9CC-380F3B9AA8B6}.Debug|Any CPU.Build.0 = Debug|Any CPU
		{C62D38A7-1C20-4826-A9CC-380F3B9AA8B6}.Release|Any CPU.ActiveCfg = Release|Any CPU
		{C62D38A7-1C20-4826-A9CC-380F3B9AA8B6}.Release|Any CPU.Build.0 = Release|Any CPU
	EndGlobalSection
	GlobalSection(SolutionProperties) = preSolution
		HideSolutionNode = FALSE
	EndGlobalSection
	GlobalSection(ExtensibilityGlobals) = postSolution
		SolutionGuid = {19C58060-C0EB-44E6-B1A8-2F0CF604CEC6}
	EndGlobalSection
EndGlobal
